// !$*UTF8*$!
{
	archiveVersion = 1;
	classes = {
	};
	objectVersion = 46;
	objects = {

/* Begin PBXBuildFile section */
		2B4160E5A7487F9D9D7C607D /* libPods-Nicker.a in Frameworks */ = {isa = PBXBuildFile; fileRef = 1378179BA2F933A363B26633 /* libPods-Nicker.a */; };
		61C3739F1DE1456D00151548 /* main.m in Sources */ = {isa = PBXBuildFile; fileRef = 61C3739E1DE1456D00151548 /* main.m */; };
		61C373A21DE1456D00151548 /* CPUAppDelegate.m in Sources */ = {isa = PBXBuildFile; fileRef = 61C373A11DE1456D00151548 /* CPUAppDelegate.m */; };
		61C373A51DE1456D00151548 /* CPUViewController.m in Sources */ = {isa = PBXBuildFile; fileRef = 61C373A41DE1456D00151548 /* CPUViewController.m */; };
		61C373AA1DE1456D00151548 /* Assets.xcassets in Resources */ = {isa = PBXBuildFile; fileRef = 61C373A91DE1456D00151548 /* Assets.xcassets */; };
		61C373AD1DE1456D00151548 /* LaunchScreen.storyboard in Resources */ = {isa = PBXBuildFile; fileRef = 61C373AB1DE1456D00151548 /* LaunchScreen.storyboard */; };
		61F0B86B1DE1749E00287E36 /* launch.jpg in Resources */ = {isa = PBXBuildFile; fileRef = 61F0B86A1DE1749E00287E36 /* launch.jpg */; };
		61F0B86F1DE177D300287E36 /* CPUHorseProfile.m in Sources */ = {isa = PBXBuildFile; fileRef = 61F0B86E1DE177D300287E36 /* CPUHorseProfile.m */; };
		61F0B8711DE17FBE00287E36 /* horses.plist in Resources */ = {isa = PBXBuildFile; fileRef = 61F0B8701DE17FBE00287E36 /* horses.plist */; };
		61F0B8731DE24A8900287E36 /* arnie.jpg in Resources */ = {isa = PBXBuildFile; fileRef = 61F0B8721DE24A8900287E36 /* arnie.jpg */; };
		61F0B8751DE24E7C00287E36 /* nike.jpg in Resources */ = {isa = PBXBuildFile; fileRef = 61F0B8741DE24E7C00287E36 /* nike.jpg */; };
		61F0B8B01DE282FB00287E36 /* CPUViewModel.m in Sources */ = {isa = PBXBuildFile; fileRef = 61F0B8AF1DE282FB00287E36 /* CPUViewModel.m */; };
		61F0B8B21DE288D800287E36 /* CPUViewMain_iphone.storyboard in Resources */ = {isa = PBXBuildFile; fileRef = 61F0B8B11DE288D800287E36 /* CPUViewMain_iphone.storyboard */; };
		61F0B8B51DE291FE00287E36 /* CPUHorseProfileTableViewCell.m in Sources */ = {isa = PBXBuildFile; fileRef = 61F0B8B41DE291FE00287E36 /* CPUHorseProfileTableViewCell.m */; };
		61F0B8B81DE295B100287E36 /* CPUHorseProfileTableViewController.m in Sources */ = {isa = PBXBuildFile; fileRef = 61F0B8B71DE295B100287E36 /* CPUHorseProfileTableViewController.m */; };
		61F0B8BA1DE2AF6400287E36 /* ellie.jpg in Resources */ = {isa = PBXBuildFile; fileRef = 61F0B8B91DE2AF6400287E36 /* ellie.jpg */; };
/* End PBXBuildFile section */

/* Begin PBXFileReference section */
		1378179BA2F933A363B26633 /* libPods-Nicker.a */ = {isa = PBXFileReference; explicitFileType = archive.ar; includeInIndex = 0; path = "libPods-Nicker.a"; sourceTree = BUILT_PRODUCTS_DIR; };
		20181824AFDE9C688AE28AE8 /* Pods-Nicker.debug.xcconfig */ = {isa = PBXFileReference; includeInIndex = 1; lastKnownFileType = text.xcconfig; name = "Pods-Nicker.debug.xcconfig"; path = "Pods/Target Support Files/Pods-Nicker/Pods-Nicker.debug.xcconfig"; sourceTree = "<group>"; };
		61C3739A1DE1456D00151548 /* Nicker.app */ = {isa = PBXFileReference; explicitFileType = wrapper.application; includeInIndex = 0; path = Nicker.app; sourceTree = BUILT_PRODUCTS_DIR; };
		61C3739E1DE1456D00151548 /* main.m */ = {isa = PBXFileReference; lastKnownFileType = sourcecode.c.objc; path = main.m; sourceTree = "<group>"; };
		61C373A01DE1456D00151548 /* CPUAppDelegate.h */ = {isa = PBXFileReference; lastKnownFileType = sourcecode.c.h; path = CPUAppDelegate.h; sourceTree = "<group>"; };
		61C373A11DE1456D00151548 /* CPUAppDelegate.m */ = {isa = PBXFileReference; lastKnownFileType = sourcecode.c.objc; path = CPUAppDelegate.m; sourceTree = "<group>"; };
		61C373A31DE1456D00151548 /* CPUViewController.h */ = {isa = PBXFileReference; lastKnownFileType = sourcecode.c.h; path = CPUViewController.h; sourceTree = "<group>"; };
		61C373A41DE1456D00151548 /* CPUViewController.m */ = {isa = PBXFileReference; lastKnownFileType = sourcecode.c.objc; path = CPUViewController.m; sourceTree = "<group>"; };
		61C373A91DE1456D00151548 /* Assets.xcassets */ = {isa = PBXFileReference; lastKnownFileType = folder.assetcatalog; path = Assets.xcassets; sourceTree = "<group>"; };
		61C373AC1DE1456D00151548 /* Base */ = {isa = PBXFileReference; lastKnownFileType = file.storyboard; name = Base; path = Base.lproj/LaunchScreen.storyboard; sourceTree = "<group>"; };
		61C373AE1DE1456D00151548 /* Info.plist */ = {isa = PBXFileReference; lastKnownFileType = text.plist.xml; path = Info.plist; sourceTree = "<group>"; };
		61F0B86A1DE1749E00287E36 /* launch.jpg */ = {isa = PBXFileReference; lastKnownFileType = image.jpeg; path = launch.jpg; sourceTree = "<group>"; };
		61F0B86D1DE177D300287E36 /* CPUHorseProfile.h */ = {isa = PBXFileReference; fileEncoding = 4; lastKnownFileType = sourcecode.c.h; path = CPUHorseProfile.h; sourceTree = "<group>"; };
		61F0B86E1DE177D300287E36 /* CPUHorseProfile.m */ = {isa = PBXFileReference; fileEncoding = 4; lastKnownFileType = sourcecode.c.objc; path = CPUHorseProfile.m; sourceTree = "<group>"; };
		61F0B8701DE17FBE00287E36 /* horses.plist */ = {isa = PBXFileReference; fileEncoding = 4; lastKnownFileType = text.plist.xml; path = horses.plist; sourceTree = "<group>"; };
		61F0B8721DE24A8900287E36 /* arnie.jpg */ = {isa = PBXFileReference; lastKnownFileType = image.jpeg; path = arnie.jpg; sourceTree = "<group>"; };
		61F0B8741DE24E7C00287E36 /* nike.jpg */ = {isa = PBXFileReference; lastKnownFileType = image.jpeg; path = nike.jpg; sourceTree = "<group>"; };
		61F0B8AE1DE282FB00287E36 /* CPUViewModel.h */ = {isa = PBXFileReference; fileEncoding = 4; lastKnownFileType = sourcecode.c.h; path = CPUViewModel.h; sourceTree = "<group>"; };
		61F0B8AF1DE282FB00287E36 /* CPUViewModel.m */ = {isa = PBXFileReference; fileEncoding = 4; lastKnownFileType = sourcecode.c.objc; path = CPUViewModel.m; sourceTree = "<group>"; };
		61F0B8B11DE288D800287E36 /* CPUViewMain_iphone.storyboard */ = {isa = PBXFileReference; fileEncoding = 4; lastKnownFileType = file.storyboard; path = CPUViewMain_iphone.storyboard; sourceTree = "<group>"; };
		61F0B8B31DE291FE00287E36 /* CPUHorseProfileTableViewCell.h */ = {isa = PBXFileReference; fileEncoding = 4; lastKnownFileType = sourcecode.c.h; path = CPUHorseProfileTableViewCell.h; sourceTree = "<group>"; };
		61F0B8B41DE291FE00287E36 /* CPUHorseProfileTableViewCell.m */ = {isa = PBXFileReference; fileEncoding = 4; lastKnownFileType = sourcecode.c.objc; path = CPUHorseProfileTableViewCell.m; sourceTree = "<group>"; };
		61F0B8B61DE295B100287E36 /* CPUHorseProfileTableViewController.h */ = {isa = PBXFileReference; fileEncoding = 4; lastKnownFileType = sourcecode.c.h; path = CPUHorseProfileTableViewController.h; sourceTree = "<group>"; };
		61F0B8B71DE295B100287E36 /* CPUHorseProfileTableViewController.m */ = {isa = PBXFileReference; fileEncoding = 4; lastKnownFileType = sourcecode.c.objc; path = CPUHorseProfileTableViewController.m; sourceTree = "<group>"; };
		61F0B8B91DE2AF6400287E36 /* ellie.jpg */ = {isa = PBXFileReference; lastKnownFileType = image.jpeg; path = ellie.jpg; sourceTree = "<group>"; };
		B145CF96FD5901223518C3BC /* Pods-Nicker.release.xcconfig */ = {isa = PBXFileReference; includeInIndex = 1; lastKnownFileType = text.xcconfig; name = "Pods-Nicker.release.xcconfig"; path = "Pods/Target Support Files/Pods-Nicker/Pods-Nicker.release.xcconfig"; sourceTree = "<group>"; };
/* End PBXFileReference section */

/* Begin PBXFrameworksBuildPhase section */
		61C373971DE1456D00151548 /* Frameworks */ = {
			isa = PBXFrameworksBuildPhase;
			buildActionMask = 2147483647;
			files = (
				2B4160E5A7487F9D9D7C607D /* libPods-Nicker.a in Frameworks */,
			);
			runOnlyForDeploymentPostprocessing = 0;
		};
/* End PBXFrameworksBuildPhase section */

/* Begin PBXGroup section */
		61C373911DE1456D00151548 = {
			isa = PBXGroup;
			children = (
				61C3739C1DE1456D00151548 /* Nicker */,
				61C3739B1DE1456D00151548 /* Products */,
				8E9366E3879D9E654AAC4DE7 /* Pods */,
				DEC7DB22A6A957494948887F /* Frameworks */,
			);
			sourceTree = "<group>";
		};
		61C3739B1DE1456D00151548 /* Products */ = {
			isa = PBXGroup;
			children = (
				61C3739A1DE1456D00151548 /* Nicker.app */,
			);
			name = Products;
			sourceTree = "<group>";
		};
		61C3739C1DE1456D00151548 /* Nicker */ = {
			isa = PBXGroup;
			children = (
				61F0B8AD1DE282DE00287E36 /* Models */,
				61F0B8AB1DE2829C00287E36 /* Views */,
				61F0B8AC1DE282AE00287E36 /* ViewControllers */,
				61C373A01DE1456D00151548 /* CPUAppDelegate.h */,
				61C373A11DE1456D00151548 /* CPUAppDelegate.m */,
				61C373A91DE1456D00151548 /* Assets.xcassets */,
				61C373AB1DE1456D00151548 /* LaunchScreen.storyboard */,
				61C373AE1DE1456D00151548 /* Info.plist */,
				61C3739D1DE1456D00151548 /* Supporting Files */,
			);
			path = Nicker;
			sourceTree = "<group>";
		};
		61C3739D1DE1456D00151548 /* Supporting Files */ = {
			isa = PBXGroup;
			children = (
				61F0B86C1DE1751E00287E36 /* images */,
				61C3739E1DE1456D00151548 /* main.m */,
				61F0B8701DE17FBE00287E36 /* horses.plist */,
			);
			name = "Supporting Files";
			sourceTree = "<group>";
		};
		61F0B86C1DE1751E00287E36 /* images */ = {
			isa = PBXGroup;
			children = (
				61F0B8B91DE2AF6400287E36 /* ellie.jpg */,
				61F0B8741DE24E7C00287E36 /* nike.jpg */,
				61F0B8721DE24A8900287E36 /* arnie.jpg */,
				61F0B86A1DE1749E00287E36 /* launch.jpg */,
			);
			name = images;
			sourceTree = "<group>";
		};
		61F0B8AB1DE2829C00287E36 /* Views */ = {
			isa = PBXGroup;
			children = (
				61F0B8B11DE288D800287E36 /* CPUViewMain_iphone.storyboard */,
			);
			name = Views;
			sourceTree = "<group>";
		};
		61F0B8AC1DE282AE00287E36 /* ViewControllers */ = {
			isa = PBXGroup;
			children = (
				61C373A31DE1456D00151548 /* CPUViewController.h */,
				61C373A41DE1456D00151548 /* CPUViewController.m */,
				61F0B8B61DE295B100287E36 /* CPUHorseProfileTableViewController.h */,
				61F0B8B71DE295B100287E36 /* CPUHorseProfileTableViewController.m */,
			);
			name = ViewControllers;
			sourceTree = "<group>";
		};
		61F0B8AD1DE282DE00287E36 /* Models */ = {
			isa = PBXGroup;
			children = (
				61F0B86D1DE177D300287E36 /* CPUHorseProfile.h */,
				61F0B86E1DE177D300287E36 /* CPUHorseProfile.m */,
				61F0B8AE1DE282FB00287E36 /* CPUViewModel.h */,
				61F0B8AF1DE282FB00287E36 /* CPUViewModel.m */,
				61F0B8B31DE291FE00287E36 /* CPUHorseProfileTableViewCell.h */,
				61F0B8B41DE291FE00287E36 /* CPUHorseProfileTableViewCell.m */,
			);
			name = Models;
			sourceTree = "<group>";
		};
		8E9366E3879D9E654AAC4DE7 /* Pods */ = {
			isa = PBXGroup;
			children = (
				20181824AFDE9C688AE28AE8 /* Pods-Nicker.debug.xcconfig */,
				B145CF96FD5901223518C3BC /* Pods-Nicker.release.xcconfig */,
			);
			name = Pods;
			sourceTree = "<group>";
		};
		DEC7DB22A6A957494948887F /* Frameworks */ = {
			isa = PBXGroup;
			children = (
				1378179BA2F933A363B26633 /* libPods-Nicker.a */,
			);
			name = Frameworks;
			sourceTree = "<group>";
		};
/* End PBXGroup section */

/* Begin PBXNativeTarget section */
		61C373991DE1456D00151548 /* Nicker */ = {
			isa = PBXNativeTarget;
			buildConfigurationList = 61C373B11DE1456D00151548 /* Build configuration list for PBXNativeTarget "Nicker" */;
			buildPhases = (
				67A59BF79BF48FC26C591645 /* [CP] Check Pods Manifest.lock */,
				61C373961DE1456D00151548 /* Sources */,
				61C373971DE1456D00151548 /* Frameworks */,
				61C373981DE1456D00151548 /* Resources */,
				850151082DA9AD55B576126A /* [CP] Embed Pods Frameworks */,
				F1A2A438641C7B70DDD17541 /* [CP] Copy Pods Resources */,
			);
			buildRules = (
			);
			dependencies = (
			);
			name = Nicker;
			productName = Nicker;
			productReference = 61C3739A1DE1456D00151548 /* Nicker.app */;
			productType = "com.apple.product-type.application";
		};
/* End PBXNativeTarget section */

/* Begin PBXProject section */
		61C373921DE1456D00151548 /* Project object */ = {
			isa = PBXProject;
			attributes = {
				LastUpgradeCheck = 0810;
				ORGANIZATIONNAME = johnsonrw82;
				TargetAttributes = {
					61C373991DE1456D00151548 = {
						CreatedOnToolsVersion = 8.1;
						DevelopmentTeam = H53UD27QM6;
						ProvisioningStyle = Automatic;
					};
				};
			};
			buildConfigurationList = 61C373951DE1456D00151548 /* Build configuration list for PBXProject "Nicker" */;
			compatibilityVersion = "Xcode 3.2";
			developmentRegion = English;
			hasScannedForEncodings = 0;
			knownRegions = (
				en,
				Base,
			);
			mainGroup = 61C373911DE1456D00151548;
			productRefGroup = 61C3739B1DE1456D00151548 /* Products */;
			projectDirPath = "";
			projectRoot = "";
			targets = (
				61C373991DE1456D00151548 /* Nicker */,
			);
		};
/* End PBXProject section */

/* Begin PBXResourcesBuildPhase section */
		61C373981DE1456D00151548 /* Resources */ = {
			isa = PBXResourcesBuildPhase;
			buildActionMask = 2147483647;
			files = (
				61F0B86B1DE1749E00287E36 /* launch.jpg in Resources */,
				61F0B8731DE24A8900287E36 /* arnie.jpg in Resources */,
				61C373AD1DE1456D00151548 /* LaunchScreen.storyboard in Resources */,
				61F0B8BA1DE2AF6400287E36 /* ellie.jpg in Resources */,
				61F0B8751DE24E7C00287E36 /* nike.jpg in Resources */,
				61C373AA1DE1456D00151548 /* Assets.xcassets in Resources */,
				61F0B8711DE17FBE00287E36 /* horses.plist in Resources */,
				61F0B8B21DE288D800287E36 /* CPUViewMain_iphone.storyboard in Resources */,
			);
			runOnlyForDeploymentPostprocessing = 0;
		};
/* End PBXResourcesBuildPhase section */

/* Begin PBXShellScriptBuildPhase section */
		67A59BF79BF48FC26C591645 /* [CP] Check Pods Manifest.lock */ = {
			isa = PBXShellScriptBuildPhase;
			buildActionMask = 2147483647;
			files = (
			);
			inputPaths = (
			);
			name = "[CP] Check Pods Manifest.lock";
			outputPaths = (
			);
			runOnlyForDeploymentPostprocessing = 0;
			shellPath = /bin/sh;
			shellScript = "diff \"${PODS_ROOT}/../Podfile.lock\" \"${PODS_ROOT}/Manifest.lock\" > /dev/null\nif [ $? != 0 ] ; then\n    # print error to STDERR\n    echo \"error: The sandbox is not in sync with the Podfile.lock. Run 'pod install' or update your CocoaPods installation.\" >&2\n    exit 1\nfi\n";
			showEnvVarsInLog = 0;
		};
		850151082DA9AD55B576126A /* [CP] Embed Pods Frameworks */ = {
			isa = PBXShellScriptBuildPhase;
			buildActionMask = 2147483647;
			files = (
			);
			inputPaths = (
			);
			name = "[CP] Embed Pods Frameworks";
			outputPaths = (
			);
			runOnlyForDeploymentPostprocessing = 0;
			shellPath = /bin/sh;
			shellScript = "\"${SRCROOT}/Pods/Target Support Files/Pods-Nicker/Pods-Nicker-frameworks.sh\"\n";
			showEnvVarsInLog = 0;
		};
		F1A2A438641C7B70DDD17541 /* [CP] Copy Pods Resources */ = {
			isa = PBXShellScriptBuildPhase;
			buildActionMask = 2147483647;
			files = (
			);
			inputPaths = (
			);
			name = "[CP] Copy Pods Resources";
			outputPaths = (
			);
			runOnlyForDeploymentPostprocessing = 0;
			shellPath = /bin/sh;
			shellScript = "\"${SRCROOT}/Pods/Target Support Files/Pods-Nicker/Pods-Nicker-resources.sh\"\n";
			showEnvVarsInLog = 0;
		};
/* End PBXShellScriptBuildPhase section */

/* Begin PBXSourcesBuildPhase section */
		61C373961DE1456D00151548 /* Sources */ = {
			isa = PBXSourcesBuildPhase;
			buildActionMask = 2147483647;
			files = (
				61C373A51DE1456D00151548 /* CPUViewController.m in Sources */,
				61F0B8B81DE295B100287E36 /* CPUHorseProfileTableViewController.m in Sources */,
				61C373A21DE1456D00151548 /* CPUAppDelegate.m in Sources */,
				61F0B8B01DE282FB00287E36 /* CPUViewModel.m in Sources */,
				61C3739F1DE1456D00151548 /* main.m in Sources */,
				61F0B8B51DE291FE00287E36 /* CPUHorseProfileTableViewCell.m in Sources */,
				61F0B86F1DE177D300287E36 /* CPUHorseProfile.m in Sources */,
			);
			runOnlyForDeploymentPostprocessing = 0;
		};
/* End PBXSourcesBuildPhase section */

/* Begin PBXVariantGroup section */
		61C373AB1DE1456D00151548 /* LaunchScreen.storyboard */ = {
			isa = PBXVariantGroup;
			children = (
				61C373AC1DE1456D00151548 /* Base */,
			);
			name = LaunchScreen.storyboard;
			sourceTree = "<group>";
		};
/* End PBXVariantGroup section */

/* Begin XCBuildConfiguration section */
		61C373AF1DE1456D00151548 /* Debug */ = {
			isa = XCBuildConfiguration;
			buildSettings = {
				ALWAYS_SEARCH_USER_PATHS = NO;
				CLANG_ANALYZER_NONNULL = YES;
				CLANG_CXX_LANGUAGE_STANDARD = "gnu++0x";
				CLANG_CXX_LIBRARY = "libc++";
				CLANG_ENABLE_MODULES = YES;
				CLANG_ENABLE_OBJC_ARC = YES;
				CLANG_WARN_BOOL_CONVERSION = YES;
				CLANG_WARN_CONSTANT_CONVERSION = YES;
				CLANG_WARN_DIRECT_OBJC_ISA_USAGE = YES_ERROR;
				CLANG_WARN_DOCUMENTATION_COMMENTS = YES;
				CLANG_WARN_EMPTY_BODY = YES;
				CLANG_WARN_ENUM_CONVERSION = YES;
				CLANG_WARN_INFINITE_RECURSION = YES;
				CLANG_WARN_INT_CONVERSION = YES;
				CLANG_WARN_OBJC_ROOT_CLASS = YES_ERROR;
				CLANG_WARN_SUSPICIOUS_MOVES = YES;
				CLANG_WARN_UNREACHABLE_CODE = YES;
				CLANG_WARN__DUPLICATE_METHOD_MATCH = YES;
				"CODE_SIGN_IDENTITY[sdk=iphoneos*]" = "iPhone Developer";
				COPY_PHASE_STRIP = NO;
				DEBUG_INFORMATION_FORMAT = dwarf;
				ENABLE_STRICT_OBJC_MSGSEND = YES;
				ENABLE_TESTABILITY = YES;
				GCC_C_LANGUAGE_STANDARD = gnu99;
				GCC_DYNAMIC_NO_PIC = NO;
				GCC_NO_COMMON_BLOCKS = YES;
				GCC_OPTIMIZATION_LEVEL = 0;
				GCC_PREPROCESSOR_DEFINITIONS = (
					"DEBUG=1",
					"$(inherited)",
				);
				GCC_WARN_64_TO_32_BIT_CONVERSION = YES;
				GCC_WARN_ABOUT_RETURN_TYPE = YES_ERROR;
				GCC_WARN_UNDECLARED_SELECTOR = YES;
				GCC_WARN_UNINITIALIZED_AUTOS = YES_AGGRESSIVE;
				GCC_WARN_UNUSED_FUNCTION = YES;
				GCC_WARN_UNUSED_VARIABLE = YES;
				IPHONEOS_DEPLOYMENT_TARGET = 10.1;
				MTL_ENABLE_DEBUG_INFO = YES;
				ONLY_ACTIVE_ARCH = YES;
				SDKROOT = iphoneos;
				TARGETED_DEVICE_FAMILY = "1,2";
			};
			name = Debug;
		};
		61C373B01DE1456D00151548 /* Release */ = {
			isa = XCBuildConfiguration;
			buildSettings = {
				ALWAYS_SEARCH_USER_PATHS = NO;
				CLANG_ANALYZER_NONNULL = YES;
				CLANG_CXX_LANGUAGE_STANDARD = "gnu++0x";
				CLANG_CXX_LIBRARY = "libc++";
				CLANG_ENABLE_MODULES = YES;
				CLANG_ENABLE_OBJC_ARC = YES;
				CLANG_WARN_BOOL_CONVERSION = YES;
				CLANG_WARN_CONSTANT_CONVERSION = YES;
				CLANG_WARN_DIRECT_OBJC_ISA_USAGE = YES_ERROR;
				CLANG_WARN_DOCUMENTATION_COMMENTS = YES;
				CLANG_WARN_EMPTY_BODY = YES;
				CLANG_WARN_ENUM_CONVERSION = YES;
				CLANG_WARN_INFINITE_RECURSION = YES;
				CLANG_WARN_INT_CONVERSION = YES;
				CLANG_WARN_OBJC_ROOT_CLASS = YES_ERROR;
				CLANG_WARN_SUSPICIOUS_MOVES = YES;
				CLANG_WARN_UNREACHABLE_CODE = YES;
				CLANG_WARN__DUPLICATE_METHOD_MATCH = YES;
				"CODE_SIGN_IDENTITY[sdk=iphoneos*]" = "iPhone Developer";
				COPY_PHASE_STRIP = NO;
				DEBUG_INFORMATION_FORMAT = "dwarf-with-dsym";
				ENABLE_NS_ASSERTIONS = NO;
				ENABLE_STRICT_OBJC_MSGSEND = YES;
				GCC_C_LANGUAGE_STANDARD = gnu99;
				GCC_NO_COMMON_BLOCKS = YES;
				GCC_WARN_64_TO_32_BIT_CONVERSION = YES;
				GCC_WARN_ABOUT_RETURN_TYPE = YES_ERROR;
				GCC_WARN_UNDECLARED_SELECTOR = YES;
				GCC_WARN_UNINITIALIZED_AUTOS = YES_AGGRESSIVE;
				GCC_WARN_UNUSED_FUNCTION = YES;
				GCC_WARN_UNUSED_VARIABLE = YES;
				IPHONEOS_DEPLOYMENT_TARGET = 10.1;
				MTL_ENABLE_DEBUG_INFO = NO;
				SDKROOT = iphoneos;
				TARGETED_DEVICE_FAMILY = "1,2";
				VALIDATE_PRODUCT = YES;
			};
			name = Release;
		};
		61C373B21DE1456D00151548 /* Debug */ = {
			isa = XCBuildConfiguration;
			baseConfigurationReference = 20181824AFDE9C688AE28AE8 /* Pods-Nicker.debug.xcconfig */;
			buildSettings = {
				ASSETCATALOG_COMPILER_APPICON_NAME = AppIcon;
				DEVELOPMENT_TEAM = H53UD27QM6;
				INFOPLIST_FILE = Nicker/Info.plist;
				LD_RUNPATH_SEARCH_PATHS = "$(inherited) @executable_path/Frameworks";
				PRODUCT_BUNDLE_IDENTIFIER = com.cpuhogs.Nicker;
				PRODUCT_NAME = "$(TARGET_NAME)";
				TARGETED_DEVICE_FAMILY = 1;
			};
			name = Debug;
		};
		61C373B31DE1456D00151548 /* Release */ = {
			isa = XCBuildConfiguration;
			baseConfigurationReference = B145CF96FD5901223518C3BC /* Pods-Nicker.release.xcconfig */;
			buildSettings = {
				ASSETCATALOG_COMPILER_APPICON_NAME = AppIcon;
				DEVELOPMENT_TEAM = H53UD27QM6;
				INFOPLIST_FILE = Nicker/Info.plist;
				LD_RUNPATH_SEARCH_PATHS = "$(inherited) @executable_path/Frameworks";
				PRODUCT_BUNDLE_IDENTIFIER = com.cpuhogs.Nicker;
				PRODUCT_NAME = "$(TARGET_NAME)";
				TARGETED_DEVICE_FAMILY = 1;
			};
			name = Release;
		};
/* End XCBuildConfiguration section */

/* Begin XCConfigurationList section */
		61C373951DE1456D00151548 /* Build configuration list for PBXProject "Nicker" */ = {
			isa = XCConfigurationList;
			buildConfigurations = (
				61C373AF1DE1456D00151548 /* Debug */,
				61C373B01DE1456D00151548 /* Release */,
			);
			defaultConfigurationIsVisible = 0;
			defaultConfigurationName = Release;
		};
		61C373B11DE1456D00151548 /* Build configuration list for PBXNativeTarget "Nicker" */ = {
			isa = XCConfigurationList;
			buildConfigurations = (
				61C373B21DE1456D00151548 /* Debug */,
				61C373B31DE1456D00151548 /* Release */,
			);
			defaultConfigurationIsVisible = 0;
			defaultConfigurationName = Release;
		};
/* End XCConfigurationList section */
	};
	rootObject = 61C373921DE1456D00151548 /* Project object */;
}
